// !$*UTF8*$!
{
	archiveVersion = 1;
	classes = {
	};
	objectVersion = 77;
	objects = {

/* Begin PBXContainerItemProxy section */
		FA629C442FB91BB600A6CE4B /* PBXContainerItemProxy */ = {
			isa = PBXContainerItemProxy;
			containerPortal = FA629C292FB91BB300A6CE4B /* Project object */;
			proxyType = 1;
			remoteGlobalIDString = FA629C302FB91BB300A6CE4B;
			remoteInfo = WatchTower;
		};
		FA629C4E2FB91BB600A6CE4B /* PBXContainerItemProxy */ = {
			isa = PBXContainerItemProxy;
			containerPortal = FA629C292FB91BB300A6CE4B /* Project object */;
			proxyType = 1;
			remoteGlobalIDString = FA629C302FB91BB300A6CE4B;
			remoteInfo = WatchTower;
		};
/* End PBXContainerItemProxy section */

/* Begin PBXFileReference section */
		FA629C312FB91BB300A6CE4B /* WatchTower.app */ = {isa = PBXFileReference; explicitFileType = wrapper.application; includeInIndex = 0; path = WatchTower.app; sourceTree = BUILT_PRODUCTS_DIR; };
		FA629C432FB91BB600A6CE4B /* WatchTowerTests.xctest */ = {isa = PBXFileReference; explicitFileType = wrapper.cfbundle; includeInIndex = 0; path = WatchTowerTests.xctest; sourceTree = BUILT_PRODUCTS_DIR; };
		FA629C4D2FB91BB600A6CE4B /* WatchTowerUITests.xctest */ = {isa = PBXFileReference; explicitFileType = wrapper.cfbundle; includeInIndex = 0; path = WatchTowerUITests.xctest; sourceTree = BUILT_PRODUCTS_DIR; };
/* End PBXFileReference section */

/* Begin PBXFileSystemSynchronizedRootGroup section */
		FA629C332FB91BB300A6CE4B /* WatchTower */ = {
			isa = PBXFileSystemSynchronizedRootGroup;
			path = WatchTower;
			sourceTree = "<group>";
		};
		FA629C462FB91BB600A6CE4B /* WatchTowerTests */ = {
			isa = PBXFileSystemSynchronizedRootGroup;
			path = WatchTowerTests;
			sourceTree = "<group>";
		};
		FA629C502FB91BB600A6CE4B /* WatchTowerUITests */ = {
			isa = PBXFileSystemSynchronizedRootGroup;
			path = WatchTowerUITests;
			sourceTree = "<group>";
		};
/* End PBXFileSystemSynchronizedRootGroup section */

/* Begin PBXFrameworksBuildPhase section */
		FA629C2E2FB91BB300A6CE4B /* Frameworks */ = {
			isa = PBXFrameworksBuildPhase;
			buildActionMask = 2147483647;
			files = (
			);
			runOnlyForDeploymentPostprocessing = 0;
		};
		FA629C402FB91BB600A6CE4B /* Frameworks */ = {
			isa = PBXFrameworksBuildPhase;
			buildActionMask = 2147483647;
			files = (
			);
			runOnlyForDeploymentPostprocessing = 0;
		};
		FA629C4A2FB91BB600A6CE4B /* Frameworks */ = {
			isa = PBXFrameworksBuildPhase;
			buildActionMask = 2147483647;
			files = (
			);
			runOnlyForDeploymentPostprocessing = 0;
		};
/* End PBXFrameworksBuildPhase section */

/* Begin PBXGroup section */
		FA629C282FB91BB300A6CE4B = {
			isa = PBXGroup;
			children = (
				FA629C332FB91BB300A6CE4B /* WatchTower */,
				FA629C462FB91BB600A6CE4B /* WatchTowerTests */,
				FA629C502FB91BB600A6CE4B /* WatchTowerUITests */,
				FA629C322FB91BB300A6CE4B /* Products */,
			);
			sourceTree = "<group>";
		};
		FA629C322FB91BB300A6CE4B /* Products */ = {
			isa = PBXGroup;
			children = (
				FA629C312FB91BB300A6CE4B /* WatchTower.app */,
				FA629C432FB91BB600A6CE4B /* WatchTowerTests.xctest */,
				FA629C4D2FB91BB600A6CE4B /* WatchTowerUITests.xctest */,
			);
			name = Products;
			sourceTree = "<group>";
		};
/* End PBXGroup section */

/* Begin PBXNativeTarget section */
		FA629C302FB91BB300A6CE4B /* WatchTower */ = {
			isa = PBXNativeTarget;
			buildConfigurationList = FA629C572FB91BB600A6CE4B /* Build configuration list for PBXNativeTarget "WatchTower" */;
			buildPhases = (
				FA629C2D2FB91BB300A6CE4B /* Sources */,
				FA629C2E2FB91BB300A6CE4B /* Frameworks */,
				FA629C2F2FB91BB300A6CE4B /* Resources */,
			);
			buildRules = (
			);
			dependencies = (
			);
			fileSystemSynchronizedGroups = (
				FA629C332FB91BB300A6CE4B /* WatchTower */,
			);
			name = WatchTower;
			packageProductDependencies = (
			);
			productName = WatchTower;
			productReference = FA629C312FB91BB300A6CE4B /* WatchTower.app */;
			productType = "com.apple.product-type.application";
		};
		FA629C422FB91BB600A6CE4B /* WatchTowerTests */ = {
			isa = PBXNativeTarget;
			buildConfigurationList = FA629C5A2FB91BB600A6CE4B /* Build configuration list for PBXNativeTarget "WatchTowerTests" */;
			buildPhases = (
				FA629C3F2FB91BB600A6CE4B /* Sources */,
				FA629C402FB91BB600A6CE4B /* Frameworks */,
				FA629C412FB91BB600A6CE4B /* Resources */,
			);
			buildRules = (
			);
			dependencies = (
				FA629C452FB91BB600A6CE4B /* PBXTargetDependency */,
			);
			fileSystemSynchronizedGroups = (
				FA629C462FB91BB600A6CE4B /* WatchTowerTests */,
			);
			name = WatchTowerTests;
			packageProductDependencies = (
			);
			productName = WatchTowerTests;
			productReference = FA629C432FB91BB600A6CE4B /* WatchTowerTests.xctest */;
			productType = "com.apple.product-type.bundle.unit-test";
		};
		FA629C4C2FB91BB600A6CE4B /* WatchTowerUITests */ = {
			isa = PBXNativeTarget;
			buildConfigurationList = FA629C5D2FB91BB600A6CE4B /* Build configuration list for PBXNativeTarget "WatchTowerUITests" */;
			buildPhases = (
				FA629C492FB91BB600A6CE4B /* Sources */,
				FA629C4A2FB91BB600A6CE4B /* Frameworks */,
				FA629C4B2FB91BB600A6CE4B /* Resources */,
			);
			buildRules = (
			);
			dependencies = (
				FA629C4F2FB91BB600A6CE4B /* PBXTargetDependency */,
			);
			fileSystemSynchronizedGroups = (
				FA629C502FB91BB600A6CE4B /* WatchTowerUITests */,
			);
			name = WatchTowerUITests;
			packageProductDependencies = (
			);
			productName = WatchTowerUITests;
			productReference = FA629C4D2FB91BB600A6CE4B /* WatchTowerUITests.xctest */;
			productType = "com.apple.product-type.bundle.ui-testing";
		};
/* End PBXNativeTarget section */

/* Begin PBXProject section */
		FA629C292FB91BB300A6CE4B /* Project object */ = {
			isa = PBXProject;
			attributes = {
				BuildIndependentTargetsInParallel = 1;
				LastSwiftUpdateCheck = 2640;
				LastUpgradeCheck = 2640;
				TargetAttributes = {
					FA629C302FB91BB300A6CE4B = {
						CreatedOnToolsVersion = 26.4.1;
					};
					FA629C422FB91BB600A6CE4B = {
						CreatedOnToolsVersion = 26.4.1;
						TestTargetID = FA629C302FB91BB300A6CE4B;
					};
					FA629C4C2FB91BB600A6CE4B = {
						CreatedOnToolsVersion = 26.4.1;
						TestTargetID = FA629C302FB91BB300A6CE4B;
					};
				};
			};
			buildConfigurationList = FA629C2C2FB91BB300A6CE4B /* Build configuration list for PBXProject "WatchTower" */;
			developmentRegion = en;
			hasScannedForEncodings = 0;
			knownRegions = (
				en,
				Base,
			);
			mainGroup = FA629C282FB91BB300A6CE4B;
			minimizedProjectReferenceProxies = 1;
			preferredProjectObjectVersion = 77;
			productRefGroup = FA629C322FB91BB300A6CE4B /* Products */;
			projectDirPath = "";
			projectRoot = "";
			targets = (
				FA629C302FB91BB300A6CE4B /* WatchTower */,
				FA629C422FB91BB600A6CE4B /* WatchTowerTests */,
				FA629C4C2FB91BB600A6CE4B /* WatchTowerUITests */,
			);
		};
/* End PBXProject section */

/* Begin PBXResourcesBuildPhase section */
		FA629C2F2FB91BB300A6CE4B /* Resources */ = {
			isa = PBXResourcesBuildPhase;
			buildActionMask = 2147483647;
			files = (
			);
			runOnlyForDeploymentPostprocessing = 0;
		};
		FA629C412FB91BB600A6CE4B /* Resources */ = {
			isa = PBXResourcesBuildPhase;
			buildActionMask = 2147483647;
			files = (
			);
			runOnlyForDeploymentPostprocessing = 0;
		};
		FA629C4B2FB91BB600A6CE4B /* Resources */ = {
			isa = PBXResourcesBuildPhase;
			buildActionMask = 2147483647;
			files = (
			);
			runOnlyForDeploymentPostprocessing = 0;
		};
/* End PBXResourcesBuildPhase section */

/* Begin PBXSourcesBuildPhase section */
		FA629C2D2FB91BB300A6CE4B /* Sources */ = {
			isa = PBXSourcesBuildPhase;
			buildActionMask = 2147483647;
			files = (
			);
			runOnlyForDeploymentPostprocessing = 0;
		};
		FA629C3F2FB91BB600A6CE4B /* Sources */ = {
			isa = PBXSourcesBuildPhase;
			buildActionMask = 2147483647;
			files = (
			);
			runOnlyForDeploymentPostprocessing = 0;
		};
		FA629C492FB91BB600A6CE4B /* Sources */ = {
			isa = PBXSourcesBuildPhase;
			buildActionMask = 2147483647;
			files = (
			);
			runOnlyForDeploymentPostprocessing = 0;
		};
/* End PBXSourcesBuildPhase section */

/* Begin PBXTargetDependency section */
		FA629C452FB91BB600A6CE4B /* PBXTargetDependency */ = {
			isa = PBXTargetDependency;
			target = FA629C302FB91BB300A6CE4B /* WatchTower */;
			targetProxy = FA629C442FB91BB600A6CE4B /* PBXContainerItemProxy */;
		};
		FA629C4F2FB91BB600A6CE4B /* PBXTargetDependency */ = {
			isa = PBXTargetDependency;
			target = FA629C302FB91BB300A6CE4B /* WatchTower */;
			targetProxy = FA629C4E2FB91BB600A6CE4B /* PBXContainerItemProxy */;
		};
/* End PBXTargetDependency section */

/* Begin XCBuildConfiguration section */
		FA629C552FB91BB600A6CE4B /* Debug */ = {
			isa = XCBuildConfiguration;
			buildSettings = {
				ALWAYS_SEARCH_USER_PATHS = NO;
				ASSETCATALOG_COMPILER_GENERATE_SWIFT_ASSET_SYMBOL_EXTENSIONS = YES;
				CLANG_ANALYZER_NONNULL = YES;
				CLANG_ANALYZER_NUMBER_OBJECT_CONVERSION = YES_AGGRESSIVE;
				CLANG_CXX_LANGUAGE_STANDARD = "gnu++20";
				CLANG_ENABLE_MODULES = YES;
				CLANG_ENABLE_OBJC_ARC = YES;
				CLANG_ENABLE_OBJC_WEAK = YES;
				CLANG_WARN_BLOCK_CAPTURE_AUTORELEASING = YES;
				CLANG_WARN_BOOL_CONVERSION = YES;
				CLANG_WARN_COMMA = YES;
				CLANG_WARN_CONSTANT_CONVERSION = YES;
				CLANG_WARN_DEPRECATED_OBJC_IMPLEMENTATIONS = YES;
				CLANG_WARN_DIRECT_OBJC_ISA_USAGE = YES_ERROR;
				CLANG_WARN_DOCUMENTATION_COMMENTS = YES;
				CLANG_WARN_EMPTY_BODY = YES;
				CLANG_WARN_ENUM_CONVERSION = YES;
				CLANG_WARN_INFINITE_RECURSION = YES;
				CLANG_WARN_INT_CONVERSION = YES;
				CLANG_WARN_NON_LITERAL_NULL_CONVERSION = YES;
				CLANG_WARN_OBJC_IMPLICIT_RETAIN_SELF = YES;
				CLANG_WARN_OBJC_LITERAL_CONVERSION = YES;
				CLANG_WARN_OBJC_ROOT_CLASS = YES_ERROR;
				CLANG_WARN_QUOTED_INCLUDE_IN_FRAMEWORK_HEADER = YES;
				CLANG_WARN_RANGE_LOOP_ANALYSIS = YES;
				CLANG_WARN_STRICT_PROTOTYPES = YES;
				CLANG_WARN_SUSPICIOUS_MOVE = YES;
				CLANG_WARN_UNGUARDED_AVAILABILITY = YES_AGGRESSIVE;
				CLANG_WARN_UNREACHABLE_CODE = YES;
				CLANG_WARN__DUPLICATE_METHOD_MATCH = YES;
				COPY_PHASE_STRIP = NO;
				DEBUG_INFORMATION_FORMAT = dwarf;
				DEVELOPMENT_TEAM = H2M2H28AXG;
				ENABLE_STRICT_OBJC_MSGSEND = YES;
				ENABLE_TESTABILITY = YES;
				ENABLE_USER_SCRIPT_SANDBOXING = YES;
				GCC_C_LANGUAGE_STANDARD = gnu17;
				GCC_DYNAMIC_NO_PIC = NO;
				GCC_NO_COMMON_BLOCKS = YES;
				GCC_OPTIMIZATION_LEVEL = 0;
				GCC_PREPROCESSOR_DEFINITIONS = (
					"DEBUG=1",
					"$(inherited)",
				);
				GCC_WARN_64_TO_32_BIT_CONVERSION = YES;
				GCC_WARN_ABOUT_RETURN_TYPE = YES_ERROR;
				GCC_WARN_UNDECLARED_SELECTOR = YES;
				GCC_WARN_UNINITIALIZED_AUTOS = YES_AGGRESSIVE;
				GCC_WARN_UNUSED_FUNCTION = YES;
				GCC_WARN_UNUSED_VARIABLE = YES;
				LOCALIZATION_PREFERS_STRING_CATALOGS = YES;
				MACOSX_DEPLOYMENT_TARGET = 26.3;
				MTL_ENABLE_DEBUG_INFO = INCLUDE_SOURCE;
				MTL_FAST_MATH = YES;
				ONLY_ACTIVE_ARCH = YES;
				SDKROOT = macosx;
				SWIFT_ACTIVE_COMPILATION_CONDITIONS = "DEBUG $(inherited)";
				SWIFT_OPTIMIZATION_LEVEL = "-Onone";
			};
			name = Debug;
		};
		FA629C562FB91BB600A6CE4B /* Release */ = {
			isa = XCBuildConfiguration;
			buildSettings = {
				ALWAYS_SEARCH_USER_PATHS = NO;
				ASSETCATALOG_COMPILER_GENERATE_SWIFT_ASSET_SYMBOL_EXTENSIONS = YES;
				CLANG_ANALYZER_NONNULL = YES;
				CLANG_ANALYZER_NUMBER_OBJECT_CONVERSION = YES_AGGRESSIVE;
				CLANG_CXX_LANGUAGE_STANDARD = "gnu++20";
				CLANG_ENABLE_MODULES = YES;
				CLANG_ENABLE_OBJC_ARC = YES;
				CLANG_ENABLE_OBJC_WEAK = YES;
				CLANG_WARN_BLOCK_CAPTURE_AUTORELEASING = YES;
				CLANG_WARN_BOOL_CONVERSION = YES;
				CLANG_WARN_COMMA = YES;
				CLANG_WARN_CONSTANT_CONVERSION = YES;
				CLANG_WARN_DEPRECATED_OBJC_IMPLEMENTATIONS = YES;
				CLANG_WARN_DIRECT_OBJC_ISA_USAGE = YES_ERROR;
				CLANG_WARN_DOCUMENTATION_COMMENTS = YES;
				CLANG_WARN_EMPTY_BODY = YES;
				CLANG_WARN_ENUM_CONVERSION = YES;
				CLANG_WARN_INFINITE_RECURSION = YES;
				CLANG_WARN_INT_CONVERSION = YES;
				CLANG_WARN_NON_LITERAL_NULL_CONVERSION = YES;
				CLANG_WARN_OBJC_IMPLICIT_RETAIN_SELF = YES;
				CLANG_WARN_OBJC_LITERAL_CONVERSION = YES;
				CLANG_WARN_OBJC_ROOT_CLASS = YES_ERROR;
				CLANG_WARN_QUOTED_INCLUDE_IN_FRAMEWORK_HEADER = YES;
				CLANG_WARN_RANGE_LOOP_ANALYSIS = YES;
				CLANG_WARN_STRICT_PROTOTYPES = YES;
				CLANG_WARN_SUSPICIOUS_MOVE = YES;
				CLANG_WARN_UNGUARDED_AVAILABILITY = YES_AGGRESSIVE;
				CLANG_WARN_UNREACHABLE_CODE = YES;
				CLANG_WARN__DUPLICATE_METHOD_MATCH = YES;
				COPY_PHASE_STRIP = NO;
				DEBUG_INFORMATION_FORMAT = "dwarf-with-dsym";
				DEVELOPMENT_TEAM = H2M2H28AXG;
				ENABLE_NS_ASSERTIONS = NO;
				ENABLE_STRICT_OBJC_MSGSEND = YES;
				ENABLE_USER_SCRIPT_SANDBOXING = YES;
				GCC_C_LANGUAGE_STANDARD = gnu17;
				GCC_NO_COMMON_BLOCKS = YES;
				GCC_WARN_64_TO_32_BIT_CONVERSION = YES;
				GCC_WARN_ABOUT_RETURN_TYPE = YES_ERROR;
				GCC_WARN_UNDECLARED_SELECTOR = YES;
				GCC_WARN_UNINITIALIZED_AUTOS = YES_AGGRESSIVE;
				GCC_WARN_UNUSED_FUNCTION = YES;
				GCC_WARN_UNUSED_VARIABLE = YES;
				LOCALIZATION_PREFERS_STRING_CATALOGS = YES;
				MACOSX_DEPLOYMENT_TARGET = 26.3;
				MTL_ENABLE_DEBUG_INFO = NO;
				MTL_FAST_MATH = YES;
				SDKROOT = macosx;
				SWIFT_COMPILATION_MODE = wholemodule;
			};
			name = Release;
		};
		FA629C582FB91BB600A6CE4B /* Debug */ = {
			isa = XCBuildConfiguration;
			buildSettings = {
				ASSETCATALOG_COMPILER_APPICON_NAME = AppIcon;
				ASSETCATALOG_COMPILER_GLOBAL_ACCENT_COLOR_NAME = AccentColor;
				CODE_SIGN_STYLE = Automatic;
				COMBINE_HIDPI_IMAGES = YES;
				CURRENT_PROJECT_VERSION = 1;
				DEVELOPMENT_TEAM = H2M2H28AXG;
				ENABLE_APP_SANDBOX = YES;
				ENABLE_HARDENED_RUNTIME = YES;
				ENABLE_PREVIEWS = YES;
				ENABLE_USER_SELECTED_FILES = readonly;
				GENERATE_INFOPLIST_FILE = YES;
				INFOPLIST_KEY_NSHumanReadableCopyright = "";
				LD_RUNPATH_SEARCH_PATHS = (
					"$(inherited)",
					"@executable_path/../Frameworks",
				);
				MARKETING_VERSION = 1.0;
				PRODUCT_BUNDLE_IDENTIFIER = AP.WatchTower;
				PRODUCT_NAME = "$(TARGET_NAME)";
				REGISTER_APP_GROUPS = YES;
				STRING_CATALOG_GENERATE_SYMBOLS = YES;
				SWIFT_APPROACHABLE_CONCURRENCY = YES;
				SWIFT_DEFAULT_ACTOR_ISOLATION = MainActor;
				SWIFT_EMIT_LOC_STRINGS = YES;
				SWIFT_UPCOMING_FEATURE_MEMBER_IMPORT_VISIBILITY = YES;
				SWIFT_VERSION = 5.0;
			};
			name = Debug;
		};
		FA629C592FB91BB600A6CE4B /* Release */ = {
			isa = XCBuildConfiguration;
			buildSettings = {
				ASSETCATALOG_COMPILER_APPICON_NAME = AppIcon;
				ASSETCATALOG_COMPILER_GLOBAL_ACCENT_COLOR_NAME = AccentColor;
				CODE_SIGN_STYLE = Automatic;
				COMBINE_HIDPI_IMAGES = YES;
				CURRENT_PROJECT_VERSION = 1;
				DEVELOPMENT_TEAM = H2M2H28AXG;
				ENABLE_APP_SANDBOX = YES;
				ENABLE_HARDENED_RUNTIME = YES;
				ENABLE_PREVIEWS = YES;
				ENABLE_USER_SELECTED_FILES = readonly;
				GENERATE_INFOPLIST_FILE = YES;
				INFOPLIST_KEY_NSHumanReadableCopyright = "";
				LD_RUNPATH_SEARCH_PATHS = (
					"$(inherited)",
					"@executable_path/../Frameworks",
				);
				MARKETING_VERSION = 1.0;
				PRODUCT_BUNDLE_IDENTIFIER = AP.WatchTower;
				PRODUCT_NAME = "$(TARGET_NAME)";
				REGISTER_APP_GROUPS = YES;
				STRING_CATALOG_GENERATE_SYMBOLS = YES;
				SWIFT_APPROACHABLE_CONCURRENCY = YES;
				SWIFT_DEFAULT_ACTOR_ISOLATION = MainActor;
				SWIFT_EMIT_LOC_STRINGS = YES;
				SWIFT_UPCOMING_FEATURE_MEMBER_IMPORT_VISIBILITY = YES;
				SWIFT_VERSION = 5.0;
			};
			name = Release;
		};
		FA629C5B2FB91BB600A6CE4B /* Debug */ = {
			isa = XCBuildConfiguration;
			buildSettings = {
				BUNDLE_LOADER = "$(TEST_HOST)";
				CODE_SIGN_STYLE = Automatic;
				CURRENT_PROJECT_VERSION = 1;
				DEVELOPMENT_TEAM = H2M2H28AXG;
				GENERATE_INFOPLIST_FILE = YES;
				MACOSX_DEPLOYMENT_TARGET = 26.3;
				MARKETING_VERSION = 1.0;
				PRODUCT_BUNDLE_IDENTIFIER = AP.WatchTowerTests;
				PRODUCT_NAME = "$(TARGET_NAME)";
				STRING_CATALOG_GENERATE_SYMBOLS = NO;
				SWIFT_APPROACHABLE_CONCURRENCY = YES;
				SWIFT_EMIT_LOC_STRINGS = NO;
				SWIFT_UPCOMING_FEATURE_MEMBER_IMPORT_VISIBILITY = YES;
				SWIFT_VERSION = 5.0;
				TEST_HOST = "$(BUILT_PRODUCTS_DIR)/WatchTower.app/$(BUNDLE_EXECUTABLE_FOLDER_PATH)/WatchTower";
			};
			name = Debug;
		};
		FA629C5C2FB91BB600A6CE4B /* Release */ = {
			isa = XCBuildConfiguration;
			buildSettings = {
				BUNDLE_LOADER = "$(TEST_HOST)";
				CODE_SIGN_STYLE = Automatic;
				CURRENT_PROJECT_VERSION = 1;
				DEVELOPMENT_TEAM = H2M2H28AXG;
				GENERATE_INFOPLIST_FILE = YES;
				MACOSX_DEPLOYMENT_TARGET = 26.3;
				MARKETING_VERSION = 1.0;
				PRODUCT_BUNDLE_IDENTIFIER = AP.WatchTowerTests;
				PRODUCT_NAME = "$(TARGET_NAME)";
				STRING_CATALOG_GENERATE_SYMBOLS = NO;
				SWIFT_APPROACHABLE_CONCURRENCY = YES;
				SWIFT_EMIT_LOC_STRINGS = NO;
				SWIFT_UPCOMING_FEATURE_MEMBER_IMPORT_VISIBILITY = YES;
				SWIFT_VERSION = 5.0;
				TEST_HOST = "$(BUILT_PRODUCTS_DIR)/WatchTower.app/$(BUNDLE_EXECUTABLE_FOLDER_PATH)/WatchTower";
			};
			name = Release;
		};
		FA629C5E2FB91BB600A6CE4B /* Debug */ = {
			isa = XCBuildConfiguration;
			buildSettings = {
				CODE_SIGN_STYLE = Automatic;
				CURRENT_PROJECT_VERSION = 1;
				DEVELOPMENT_TEAM = H2M2H28AXG;
				GENERATE_INFOPLIST_FILE = YES;
				MARKETING_VERSION = 1.0;
				PRODUCT_BUNDLE_IDENTIFIER = AP.WatchTowerUITests;
				PRODUCT_NAME = "$(TARGET_NAME)";
				STRING_CATALOG_GENERATE_SYMBOLS = NO;
				SWIFT_APPROACHABLE_CONCURRENCY = YES;
				SWIFT_EMIT_LOC_STRINGS = NO;
				SWIFT_UPCOMING_FEATURE_MEMBER_IMPORT_VISIBILITY = YES;
				SWIFT_VERSION = 5.0;
				TEST_TARGET_NAME = WatchTower;
			};
			name = Debug;
		};
		FA629C5F2FB91BB600A6CE4B /* Release */ = {
			isa = XCBuildConfiguration;
			buildSettings = {
				CODE_SIGN_STYLE = Automatic;
				CURRENT_PROJECT_VERSION = 1;
				DEVELOPMENT_TEAM = H2M2H28AXG;
				GENERATE_INFOPLIST_FILE = YES;
				MARKETING_VERSION = 1.0;
				PRODUCT_BUNDLE_IDENTIFIER = AP.WatchTowerUITests;
				PRODUCT_NAME = "$(TARGET_NAME)";
				STRING_CATALOG_GENERATE_SYMBOLS = NO;
				SWIFT_APPROACHABLE_CONCURRENCY = YES;
				SWIFT_EMIT_LOC_STRINGS = NO;
				SWIFT_UPCOMING_FEATURE_MEMBER_IMPORT_VISIBILITY = YES;
				SWIFT_VERSION = 5.0;
				TEST_TARGET_NAME = WatchTower;
			};
			name = Release;
		};
/* End XCBuildConfiguration section */

/* Begin XCConfigurationList section */
		FA629C2C2FB91BB300A6CE4B /* Build configuration list for PBXProject "WatchTower" */ = {
			isa = XCConfigurationList;
			buildConfigurations = (
				FA629C552FB91BB600A6CE4B /* Debug */,
				FA629C562FB91BB600A6CE4B /* Release */,
			);
			defaultConfigurationIsVisible = 0;
			defaultConfigurationName = Release;
		};
		FA629C572FB91BB600A6CE4B /* Build configuration list for PBXNativeTarget "WatchTower" */ = {
			isa = XCConfigurationList;
			buildConfigurations = (
				FA629C582FB91BB600A6CE4B /* Debug */,
				FA629C592FB91BB600A6CE4B /* Release */,
			);
			defaultConfigurationIsVisible = 0;
			defaultConfigurationName = Release;
		};
		FA629C5A2FB91BB600A6CE4B /* Build configuration list for PBXNativeTarget "WatchTowerTests" */ = {
			isa = XCConfigurationList;
			buildConfigurations = (
				FA629C5B2FB91BB600A6CE4B /* Debug */,
				FA629C5C2FB91BB600A6CE4B /* Release */,
			);
			defaultConfigurationIsVisible = 0;
			defaultConfigurationName = Release;
		};
		FA629C5D2FB91BB600A6CE4B /* Build configuration list for PBXNativeTarget "WatchTowerUITests" */ = {
			isa = XCConfigurationList;
			buildConfigurations = (
				FA629C5E2FB91BB600A6CE4B /* Debug */,
				FA629C5F2FB91BB600A6CE4B /* Release */,
			);
			defaultConfigurationIsVisible = 0;
			defaultConfigurationName = Release;
		};
/* End XCConfigurationList section */
	};
	rootObject = FA629C292FB91BB300A6CE4B /* Project object */;
}
